{
    "name": "hac",
    "version": "6.6.0.0",
    "lockfileVersion": 2,
    "requires": true,
    "packages": {
        "": {
            "name": "hac",
            "version": "6.6.0.0",
            "dependencies": {
                "chart.js": "2.9.4",
                "codemirror": "3.11.1",
                "datatables": "https://github.com/DataTables/DataTables/tree/1.10.15",
                "html5shiv": "3.7.3",
                "javascript-debug": "https://github.com/maruilian11/javascript-debug/tree/patch-1",
                "jquery": "3.5.1",
                "jquery-ui-dist": "1.12.1",
                "jquery-validation": "1.19.3",
                "jquery.flot": "0.8.3",
                "jquery.flot.tooltip": "https://github.com/krzysu/flot.tooltip/tree/b74f0fc223d496369f0c481bcd72d1acd6a40e33",
                "jquery.ztree.js": "https://github.com/zTree/zTree_v3/tree/v3.5.29",
                "js-cookie": "2.2.1"
            }
        },
        "node_modules/chart.js": {
            "version": "2.9.4",
            "resolved": "https://registry.npmjs.org/chart.js/-/chart.js-2.9.4.tgz",
            "integrity": "sha512-B07aAzxcrikjAPyV+01j7BmOpxtQETxTSlQ26BEYJ+3iUkbNKaOJ/nDbT6JjyqYxseM0ON12COHYdU2cTIjC7A==",
            "dependencies": {
                "chartjs-color": "^2.1.0",
                "moment": "^2.10.2"
            }
        },
        "node_modules/chartjs-color": {
            "version": "2.4.1",
            "resolved": "https://registry.npmjs.org/chartjs-color/-/chartjs-color-2.4.1.tgz",
            "integrity": "sha512-haqOg1+Yebys/Ts/9bLo/BqUcONQOdr/hoEr2LLTRl6C5LXctUdHxsCYfvQVg5JIxITrfCNUDr4ntqmQk9+/0w==",
            "dependencies": {
                "chartjs-color-string": "^0.6.0",
                "color-convert": "^1.9.3"
            }
        },
        "node_modules/chartjs-color-string": {
            "version": "0.6.0",
            "resolved": "https://registry.npmjs.org/chartjs-color-string/-/chartjs-color-string-0.6.0.tgz",
            "integrity": "sha512-TIB5OKn1hPJvO7JcteW4WY/63v6KwEdt6udfnDE9iCAZgy+V4SrbSxoIbTw/xkUIapjEI4ExGtD0+6D3KyFd7A==",
            "dependencies": {
                "color-name": "^1.0.0"
            }
        },
        "node_modules/codemirror": {
            "version": "3.11.1",
            "resolved": "https://registry.npmjs.org/codemirror/-/codemirror-3.11.01.tgz",
            "integrity": "sha1-gu3TiUwfc/+mlRZxfLE4rIpenVc="
        },
        "node_modules/color-convert": {
            "version": "1.9.3",
            "resolved": "https://registry.npmjs.org/color-convert/-/color-convert-1.9.3.tgz",
            "integrity": "sha512-QfAUtd+vFdAtFQcC8CCyYt1fYWxSqAiK2cSD6zDB8N3cpsEBAvRxp9zOGg6G/SHHJYAT88/az/IuDGALsNVbGg==",
            "dependencies": {
                "color-name": "1.1.3"
            }
        },
        "node_modules/color-convert/node_modules/color-name": {
            "version": "1.1.3",
            "resolved": "https://registry.npmjs.org/color-name/-/color-name-1.1.3.tgz",
            "integrity": "sha1-p9BVi9icQveV3UIyj3QIMcpTvCU="
        },
        "node_modules/color-name": {
            "version": "1.1.4",
            "resolved": "https://registry.npmjs.org/color-name/-/color-name-1.1.4.tgz",
            "integrity": "sha512-dOy+3AuW3a2wNbZHIuMZpTcgjGuLU/uBL/ubcZF9OXbDo8ff4O8yVp5Bf0efS8uEoYo5q4Fx7dY9OgQGXgAsQA=="
        },
        "node_modules/datatables": {
            "version": "1.10.15",
            "resolved": "git+ssh://git@github.com/DataTables/DataTables.git#7494262db18b1cbc69dcc1d64a5a8d0cd757d58c",
            "license": "MIT",
            "dependencies": {
                "jquery": ">=1.7"
            }
        },
        "node_modules/html5shiv": {
            "version": "3.7.3",
            "resolved": "https://registry.npmjs.org/html5shiv/-/html5shiv-3.7.3.tgz",
            "integrity": "sha1-14qEo2e8uacQEA1XgCw4ewhGMdI="
        },
        "node_modules/javascript-debug": {
            "version": "0.4",
            "resolved": "git+ssh://git@github.com/maruilian11/javascript-debug.git#4ad0565ceb17c6c1ba3a20873510e97d93a6b9e8"
        },
        "node_modules/jquery": {
            "version": "3.5.1",
            "resolved": "https://registry.npmjs.org/jquery/-/jquery-3.5.1.tgz",
            "integrity": "sha512-XwIBPqcMn57FxfT+Go5pzySnm4KWkT1Tv7gjrpT1srtf8Weynl6R273VJ5GjkRb51IzMp5nbaPjJXMWeju2MKg=="
        },
        "node_modules/jquery-ui-dist": {
            "version": "1.12.1",
            "resolved": "https://registry.npmjs.org/jquery-ui-dist/-/jquery-ui-dist-1.12.1.tgz",
            "integrity": "sha1-XAgV08xvkP9fqvWyaKbiO0ypBPo="
        },
        "node_modules/jquery-validation": {
            "version": "1.19.3",
            "resolved": "https://registry.npmjs.org/jquery-validation/-/jquery-validation-1.19.3.tgz",
            "integrity": "sha512-iXxCS5W7STthSTMFX/NDZfWHBLbJ1behVK3eAgHXAV8/0vRa9M4tiqHvJMr39VGWHMGdlkhrtrkBuaL2UlE8yw==",
            "peerDependencies": {
                "jquery": "^1.7 || ^2.0 || ^3.1"
            }
        },
        "node_modules/jquery.flot": {
            "version": "0.8.3",
            "resolved": "https://registry.npmjs.org/jquery.flot/-/jquery.flot-0.8.3.tgz",
            "integrity": "sha512-/tEE8J5NjwvStHDaCHkvTJpD7wDS4hE1OEL8xEmhgQfUe0gLUem923PIceNez1mz4yBNx6Hjv7pJcowLNd+nbg=="
        },
        "node_modules/jquery.flot.tooltip": {
            "name": "flot.tooltip",
            "version": "0.6.1",
            "resolved": "git+ssh://git@github.com/krzysu/flot.tooltip.git#b74f0fc223d496369f0c481bcd72d1acd6a40e33",
            "integrity": "sha512-7rkujUCL9boyQ7gxwOJXyZvKnBOUXWM3tMtHIa6tlDcBnZauW6mBX5eutvndBvax3ZHNZmgJUhAjZoJ+80rmsQ==",
            "license": "MIT"
        },
        "node_modules/jquery.ztree.js": {
            "name": "zTree_v3",
            "version": "3.5.29",
            "resolved": "git+ssh://git@github.com/zTree/zTree_v3.git#98a22e0619508cc04984a88d4ca58f99b4e9f91f",
            "license": "MIT",
            "engines": {
                "node": ">=0.10.0"
            }
        },
        "node_modules/js-cookie": {
            "version": "2.2.1",
            "resolved": "https://registry.npmjs.org/js-cookie/-/js-cookie-2.2.1.tgz",
            "integrity": "sha512-HvdH2LzI/EAZcUwA8+0nKNtWHqS+ZmijLA30RwZA0bo7ToCckjK5MkGhjED9KoRcXO6BaGI3I9UIzSA1FKFPOQ=="
        },
        "node_modules/moment": {
            "version": "2.29.2",
            "resolved": "https://registry.npmjs.org/moment/-/moment-2.29.2.tgz",
            "integrity": "sha512-UgzG4rvxYpN15jgCmVJwac49h9ly9NurikMWGPdVxm8GZD6XjkKPxDTjQQ43gtGgnV3X0cAyWDdP2Wexoquifg==",
            "engines": {
                "node": "*"
            }
        }
    },
    "dependencies": {
        "chart.js": {
            "version": "2.9.4",
            "resolved": "https://registry.npmjs.org/chart.js/-/chart.js-2.9.4.tgz",
            "integrity": "sha512-B07aAzxcrikjAPyV+01j7BmOpxtQETxTSlQ26BEYJ+3iUkbNKaOJ/nDbT6JjyqYxseM0ON12COHYdU2cTIjC7A==",
            "requires": {
                "chartjs-color": "^2.1.0",
                "moment": "^2.10.2"
            }
        },
        "chartjs-color": {
            "version": "2.4.1",
            "resolved": "https://registry.npmjs.org/chartjs-color/-/chartjs-color-2.4.1.tgz",
            "integrity": "sha512-haqOg1+Yebys/Ts/9bLo/BqUcONQOdr/hoEr2LLTRl6C5LXctUdHxsCYfvQVg5JIxITrfCNUDr4ntqmQk9+/0w==",
            "requires": {
                "chartjs-color-string": "^0.6.0",
                "color-convert": "^1.9.3"
            }
        },
        "chartjs-color-string": {
            "version": "0.6.0",
            "resolved": "https://registry.npmjs.org/chartjs-color-string/-/chartjs-color-string-0.6.0.tgz",
            "integrity": "sha512-TIB5OKn1hPJvO7JcteW4WY/63v6KwEdt6udfnDE9iCAZgy+V4SrbSxoIbTw/xkUIapjEI4ExGtD0+6D3KyFd7A==",
            "requires": {
                "color-name": "^1.0.0"
            }
        },
        "codemirror": {
            "version": "3.11.1",
            "resolved": "https://registry.npmjs.org/codemirror/-/codemirror-3.11.01.tgz",
            "integrity": "sha1-gu3TiUwfc/+mlRZxfLE4rIpenVc="
        },
        "color-convert": {
            "version": "1.9.3",
            "resolved": "https://registry.npmjs.org/color-convert/-/color-convert-1.9.3.tgz",
            "integrity": "sha512-QfAUtd+vFdAtFQcC8CCyYt1fYWxSqAiK2cSD6zDB8N3cpsEBAvRxp9zOGg6G/SHHJYAT88/az/IuDGALsNVbGg==",
            "requires": {
                "color-name": "1.1.3"
            },
            "dependencies": {
                "color-name": {
                    "version": "1.1.3",
                    "resolved": "https://registry.npmjs.org/color-name/-/color-name-1.1.3.tgz",
                    "integrity": "sha1-p9BVi9icQveV3UIyj3QIMcpTvCU="
                }
            }
        },
        "color-name": {
            "version": "1.1.4",
            "resolved": "https://registry.npmjs.org/color-name/-/color-name-1.1.4.tgz",
            "integrity": "sha512-dOy+3AuW3a2wNbZHIuMZpTcgjGuLU/uBL/ubcZF9OXbDo8ff4O8yVp5Bf0efS8uEoYo5q4Fx7dY9OgQGXgAsQA=="
        },
        "datatables": {
            "version": "git+ssh://git@github.com/DataTables/DataTables.git#7494262db18b1cbc69dcc1d64a5a8d0cd757d58c",
            "from": "datatables@https://github.com/DataTables/DataTables/tree/1.10.15",
            "requires": {
                "jquery": ">=1.7"
            }
        },
        "html5shiv": {
            "version": "3.7.3",
            "resolved": "https://registry.npmjs.org/html5shiv/-/html5shiv-3.7.3.tgz",
            "integrity": "sha1-14qEo2e8uacQEA1XgCw4ewhGMdI="
        },
        "javascript-debug": {
            "version": "git+ssh://git@github.com/maruilian11/javascript-debug.git#4ad0565ceb17c6c1ba3a20873510e97d93a6b9e8",
            "from": "javascript-debug@https://github.com/maruilian11/javascript-debug/tree/patch-1"
        },
        "jquery": {
            "version": "3.5.1",
            "resolved": "https://registry.npmjs.org/jquery/-/jquery-3.5.1.tgz",
            "integrity": "sha512-XwIBPqcMn57FxfT+Go5pzySnm4KWkT1Tv7gjrpT1srtf8Weynl6R273VJ5GjkRb51IzMp5nbaPjJXMWeju2MKg=="
        },
        "jquery-ui-dist": {
            "version": "1.12.1",
            "resolved": "https://registry.npmjs.org/jquery-ui-dist/-/jquery-ui-dist-1.12.1.tgz",
            "integrity": "sha1-XAgV08xvkP9fqvWyaKbiO0ypBPo="
        },
        "jquery-validation": {
            "version": "1.19.3",
            "resolved": "https://registry.npmjs.org/jquery-validation/-/jquery-validation-1.19.3.tgz",
            "integrity": "sha512-iXxCS5W7STthSTMFX/NDZfWHBLbJ1behVK3eAgHXAV8/0vRa9M4tiqHvJMr39VGWHMGdlkhrtrkBuaL2UlE8yw==",
            "requires": {}
        },
        "jquery.flot": {
            "version": "0.8.3",
            "resolved": "https://registry.npmjs.org/jquery.flot/-/jquery.flot-0.8.3.tgz",
            "integrity": "sha512-/tEE8J5NjwvStHDaCHkvTJpD7wDS4hE1OEL8xEmhgQfUe0gLUem923PIceNez1mz4yBNx6Hjv7pJcowLNd+nbg=="
        },
        "jquery.flot.tooltip": {
            "version": "git+ssh://git@github.com/krzysu/flot.tooltip.git#b74f0fc223d496369f0c481bcd72d1acd6a40e33",
            "integrity": "sha512-7rkujUCL9boyQ7gxwOJXyZvKnBOUXWM3tMtHIa6tlDcBnZauW6mBX5eutvndBvax3ZHNZmgJUhAjZoJ+80rmsQ==",
            "from": "jquery.flot.tooltip@https://github.com/krzysu/flot.tooltip/tree/b74f0fc223d496369f0c481bcd72d1acd6a40e33"
        },
        "jquery.ztree.js": {
            "version": "git+ssh://git@github.com/zTree/zTree_v3.git#98a22e0619508cc04984a88d4ca58f99b4e9f91f",
            "from": "jquery.ztree.js@https://github.com/zTree/zTree_v3/tree/v3.5.29"
        },
        "js-cookie": {
            "version": "2.2.1",
            "resolved": "https://registry.npmjs.org/js-cookie/-/js-cookie-2.2.1.tgz",
            "integrity": "sha512-HvdH2LzI/EAZcUwA8+0nKNtWHqS+ZmijLA30RwZA0bo7ToCckjK5MkGhjED9KoRcXO6BaGI3I9UIzSA1FKFPOQ=="
        },
        "moment": {
            "version": "2.29.2",
            "resolved": "https://registry.npmjs.org/moment/-/moment-2.29.2.tgz",
            "integrity": "sha512-UgzG4rvxYpN15jgCmVJwac49h9ly9NurikMWGPdVxm8GZD6XjkKPxDTjQQ43gtGgnV3X0cAyWDdP2Wexoquifg=="
        }
    }
}
